
Microsoft Visual Studio Solution File, Format Version 12.00
# Visual Studio Version 17
VisualStudioVersion = 17.14.36518.9 d17.14
MinimumVisualStudioVersion = 10.0.40219.1
Project("{FAE04EC0-301F-11D3-BF4B-00C04F79EFBC}") = "Estructura de Control", "Estructura de Control\Estructura de Control.csproj", "{CF997156-5F17-4230-9460-1DCBF2EB2CC9}"
EndProject
Global
	GlobalSection(SolutionConfigurationPlatforms) = preSolution
		Debug|Any CPU = Debug|Any CPU
		Release|Any CPU = Release|Any CPU
	EndGlobalSection
	GlobalSection(ProjectConfigurationPlatforms) = postSolution
		{CF997156-5F17-4230-9460-1DCBF2EB2CC9}.Debug|Any CPU.ActiveCfg = Debug|Any CPU
		{CF997156-5F17-4230-9460-1DCBF2EB2CC9}.Debug|Any CPU.Build.0 = Debug|Any CPU
		{CF997156-5F17-4230-9460-1DCBF2EB2CC9}.Release|Any CPU.ActiveCfg = Release|Any CPU
		{CF997156-5F17-4230-9460-1DCBF2EB2CC9}.Release|Any CPU.Build.0 = Release|Any CPU
	EndGlobalSection
	GlobalSection(SolutionProperties) = preSolution
		HideSolutionNode = FALSE
	EndGlobalSection
	GlobalSection(ExtensibilityGlobals) = postSolution
		SolutionGuid = {28D1518B-0CC4-413B-BD75-CB8E2BC5CA10}
	EndGlobalSection
EndGlobal
